
Microsoft Visual Studio Solution File, Format Version 12.00
# Visual Studio Version 16
VisualStudioVersion = 16.0.30804.86
MinimumVisualStudioVersion = 10.0.40219.1
Project("{9A19103F-16F7-4668-BE54-9A1E7A4F7556}") = "GestionTablasAPI", "AlmacenesAPI\GestionTablasAPI.csproj", "{57CF4E6C-B735-4D08-994C-3B36ADFD9F5A}"
EndProject
Project("{9A19103F-16F7-4668-BE54-9A1E7A4F7556}") = "Inventory.Application", "Aplication\Inventory.Application.csproj", "{2527512E-F13D-4BA3-95EF-D6DBFF90769F}"
EndProject
Project("{9A19103F-16F7-4668-BE54-9A1E7A4F7556}") = "Inventory.Data", "Data\Inventory.Data.csproj", "{A7A8D8F6-4952-4BAD-B195-9D96662C1719}"
EndProject
Project("{9A19103F-16F7-4668-BE54-9A1E7A4F7556}") = "Inventory.Domain", "Domain\Inventory.Domain.csproj", "{CDA0F46F-4EF8-436E-BA3E-0FEF059E6338}"
EndProject
Project("{9A19103F-16F7-4668-BE54-9A1E7A4F7556}") = "Entregas.Application", "EntregasApp\Entregas.Application.csproj", "{F6EFB3FA-9292-4910-906B-C33B63DCAFB4}"
EndProject
Project("{9A19103F-16F7-4668-BE54-9A1E7A4F7556}") = "Entregas.Domain", "EntregasDomainCore\Entregas.Domain.csproj", "{66F06DB4-28D0-44F2-9725-D50E0D89E7DF}"
EndProject
Project("{9A19103F-16F7-4668-BE54-9A1E7A4F7556}") = "Inventory.Infra.IoC", "IoC\Inventory.Infra.IoC.csproj", "{5547081B-D056-4D80-A33F-839FEC0C33DD}"
EndProject
Project("{2150E333-8FDC-42A3-9474-1A3956D46DE8}") = "Entregas", "Entregas", "{05AE423F-F512-42D5-92BE-3DD6372CBE2A}"
EndProject
Project("{2150E333-8FDC-42A3-9474-1A3956D46DE8}") = "Domain", "Domain", "{29F0E4BB-2FFE-468C-8716-CAB0CE14B931}"
EndProject
Project("{2150E333-8FDC-42A3-9474-1A3956D46DE8}") = "Application", "Application", "{B7FBE1D4-066F-412F-86D3-711EFC4C5B89}"
EndProject
Project("{2150E333-8FDC-42A3-9474-1A3956D46DE8}") = "Inventory", "Inventory", "{C004ACF5-94A9-4AB9-A5B4-B75FC0A762D2}"
EndProject
Project("{2150E333-8FDC-42A3-9474-1A3956D46DE8}") = "Data", "Data", "{D01D5A63-54D6-455F-BE26-9EE1EDDB48BD}"
EndProject
Project("{9A19103F-16F7-4668-BE54-9A1E7A4F7556}") = "Entregas.Data", "Entregas.Data\Entregas.Data.csproj", "{DA5A6528-B04A-48A9-8EDD-A76CA9C4C4D5}"
EndProject
Project("{2150E333-8FDC-42A3-9474-1A3956D46DE8}") = "Application", "Application", "{F9EBF65A-0517-43EF-B637-F074200E25FF}"
EndProject
Project("{2150E333-8FDC-42A3-9474-1A3956D46DE8}") = "Data", "Data", "{2F5ABBBF-C1FE-43A0-AE8A-906B0BEB9A15}"
EndProject
Project("{2150E333-8FDC-42A3-9474-1A3956D46DE8}") = "Domain", "Domain", "{9516DB70-5570-45F5-BBBC-6EBB2140B23F}"
EndProject
Project("{2150E333-8FDC-42A3-9474-1A3956D46DE8}") = "Infra.IoC", "Infra.IoC", "{281F8276-9C88-48EA-BACE-4535E9461F63}"
EndProject
Project("{2150E333-8FDC-42A3-9474-1A3956D46DE8}") = "Infra.IoC", "Infra.IoC", "{45B1B066-795D-4181-BDE4-F31AE57EE50B}"
EndProject
Project("{FAE04EC0-301F-11D3-BF4B-00C04F79EFBC}") = "Entregas.Infraestructura.IoC", "Entregas.Infraestructura.IoC\Entregas.Infraestructura.IoC.csproj", "{62B3F6A5-5CEE-467B-84AD-C09ED9CD9091}"
EndProject
Global
	GlobalSection(SolutionConfigurationPlatforms) = preSolution
		Debug|Any CPU = Debug|Any CPU
		Release|Any CPU = Release|Any CPU
	EndGlobalSection
	GlobalSection(ProjectConfigurationPlatforms) = postSolution
		{57CF4E6C-B735-4D08-994C-3B36ADFD9F5A}.Debug|Any CPU.ActiveCfg = Debug|Any CPU
		{57CF4E6C-B735-4D08-994C-3B36ADFD9F5A}.Debug|Any CPU.Build.0 = Debug|Any CPU
		{57CF4E6C-B735-4D08-994C-3B36ADFD9F5A}.Release|Any CPU.ActiveCfg = Release|Any CPU
		{57CF4E6C-B735-4D08-994C-3B36ADFD9F5A}.Release|Any CPU.Build.0 = Release|Any CPU
		{2527512E-F13D-4BA3-95EF-D6DBFF90769F}.Debug|Any CPU.ActiveCfg = Debug|Any CPU
		{2527512E-F13D-4BA3-95EF-D6DBFF90769F}.Debug|Any CPU.Build.0 = Debug|Any CPU
		{2527512E-F13D-4BA3-95EF-D6DBFF90769F}.Release|Any CPU.ActiveCfg = Release|Any CPU
		{2527512E-F13D-4BA3-95EF-D6DBFF90769F}.Release|Any CPU.Build.0 = Release|Any CPU
		{A7A8D8F6-4952-4BAD-B195-9D96662C1719}.Debug|Any CPU.ActiveCfg = Debug|Any CPU
		{A7A8D8F6-4952-4BAD-B195-9D96662C1719}.Debug|Any CPU.Build.0 = Debug|Any CPU
		{A7A8D8F6-4952-4BAD-B195-9D96662C1719}.Release|Any CPU.ActiveCfg = Release|Any CPU
		{A7A8D8F6-4952-4BAD-B195-9D96662C1719}.Release|Any CPU.Build.0 = Release|Any CPU
		{CDA0F46F-4EF8-436E-BA3E-0FEF059E6338}.Debug|Any CPU.ActiveCfg = Debug|Any CPU
		{CDA0F46F-4EF8-436E-BA3E-0FEF059E6338}.Debug|Any CPU.Build.0 = Debug|Any CPU
		{CDA0F46F-4EF8-436E-BA3E-0FEF059E6338}.Release|Any CPU.ActiveCfg = Release|Any CPU
		{CDA0F46F-4EF8-436E-BA3E-0FEF059E6338}.Release|Any CPU.Build.0 = Release|Any CPU
		{F6EFB3FA-9292-4910-906B-C33B63DCAFB4}.Debug|Any CPU.ActiveCfg = Debug|Any CPU
		{F6EFB3FA-9292-4910-906B-C33B63DCAFB4}.Debug|Any CPU.Build.0 = Debug|Any CPU
		{F6EFB3FA-9292-4910-906B-C33B63DCAFB4}.Release|Any CPU.ActiveCfg = Release|Any CPU
		{F6EFB3FA-9292-4910-906B-C33B63DCAFB4}.Release|Any CPU.Build.0 = Release|Any CPU
		{66F06DB4-28D0-44F2-9725-D50E0D89E7DF}.Debug|Any CPU.ActiveCfg = Debug|Any CPU
		{66F06DB4-28D0-44F2-9725-D50E0D89E7DF}.Debug|Any CPU.Build.0 = Debug|Any CPU
		{66F06DB4-28D0-44F2-9725-D50E0D89E7DF}.Release|Any CPU.ActiveCfg = Release|Any CPU
		{66F06DB4-28D0-44F2-9725-D50E0D89E7DF}.Release|Any CPU.Build.0 = Release|Any CPU
		{5547081B-D056-4D80-A33F-839FEC0C33DD}.Debug|Any CPU.ActiveCfg = Debug|Any CPU
		{5547081B-D056-4D80-A33F-839FEC0C33DD}.Debug|Any CPU.Build.0 = Debug|Any CPU
		{5547081B-D056-4D80-A33F-839FEC0C33DD}.Release|Any CPU.ActiveCfg = Release|Any CPU
		{5547081B-D056-4D80-A33F-839FEC0C33DD}.Release|Any CPU.Build.0 = Release|Any CPU
		{DA5A6528-B04A-48A9-8EDD-A76CA9C4C4D5}.Debug|Any CPU.ActiveCfg = Debug|Any CPU
		{DA5A6528-B04A-48A9-8EDD-A76CA9C4C4D5}.Debug|Any CPU.Build.0 = Debug|Any CPU
		{DA5A6528-B04A-48A9-8EDD-A76CA9C4C4D5}.Release|Any CPU.ActiveCfg = Release|Any CPU
		{DA5A6528-B04A-48A9-8EDD-A76CA9C4C4D5}.Release|Any CPU.Build.0 = Release|Any CPU
		{62B3F6A5-5CEE-467B-84AD-C09ED9CD9091}.Debug|Any CPU.ActiveCfg = Debug|Any CPU
		{62B3F6A5-5CEE-467B-84AD-C09ED9CD9091}.Debug|Any CPU.Build.0 = Debug|Any CPU
		{62B3F6A5-5CEE-467B-84AD-C09ED9CD9091}.Release|Any CPU.ActiveCfg = Release|Any CPU
		{62B3F6A5-5CEE-467B-84AD-C09ED9CD9091}.Release|Any CPU.Build.0 = Release|Any CPU
	EndGlobalSection
	GlobalSection(SolutionProperties) = preSolution
		HideSolutionNode = FALSE
	EndGlobalSection
	GlobalSection(NestedProjects) = preSolution
		{2527512E-F13D-4BA3-95EF-D6DBFF90769F} = {F9EBF65A-0517-43EF-B637-F074200E25FF}
		{A7A8D8F6-4952-4BAD-B195-9D96662C1719} = {2F5ABBBF-C1FE-43A0-AE8A-906B0BEB9A15}
		{CDA0F46F-4EF8-436E-BA3E-0FEF059E6338} = {9516DB70-5570-45F5-BBBC-6EBB2140B23F}
		{F6EFB3FA-9292-4910-906B-C33B63DCAFB4} = {B7FBE1D4-066F-412F-86D3-711EFC4C5B89}
		{66F06DB4-28D0-44F2-9725-D50E0D89E7DF} = {29F0E4BB-2FFE-468C-8716-CAB0CE14B931}
		{5547081B-D056-4D80-A33F-839FEC0C33DD} = {281F8276-9C88-48EA-BACE-4535E9461F63}
		{29F0E4BB-2FFE-468C-8716-CAB0CE14B931} = {05AE423F-F512-42D5-92BE-3DD6372CBE2A}
		{B7FBE1D4-066F-412F-86D3-711EFC4C5B89} = {05AE423F-F512-42D5-92BE-3DD6372CBE2A}
		{D01D5A63-54D6-455F-BE26-9EE1EDDB48BD} = {05AE423F-F512-42D5-92BE-3DD6372CBE2A}
		{DA5A6528-B04A-48A9-8EDD-A76CA9C4C4D5} = {D01D5A63-54D6-455F-BE26-9EE1EDDB48BD}
		{F9EBF65A-0517-43EF-B637-F074200E25FF} = {C004ACF5-94A9-4AB9-A5B4-B75FC0A762D2}
		{2F5ABBBF-C1FE-43A0-AE8A-906B0BEB9A15} = {C004ACF5-94A9-4AB9-A5B4-B75FC0A762D2}
		{9516DB70-5570-45F5-BBBC-6EBB2140B23F} = {C004ACF5-94A9-4AB9-A5B4-B75FC0A762D2}
		{281F8276-9C88-48EA-BACE-4535E9461F63} = {C004ACF5-94A9-4AB9-A5B4-B75FC0A762D2}
		{45B1B066-795D-4181-BDE4-F31AE57EE50B} = {05AE423F-F512-42D5-92BE-3DD6372CBE2A}
		{62B3F6A5-5CEE-467B-84AD-C09ED9CD9091} = {45B1B066-795D-4181-BDE4-F31AE57EE50B}
	EndGlobalSection
	GlobalSection(ExtensibilityGlobals) = postSolution
		SolutionGuid = {F0510537-695E-4F5E-BE94-027B1C6343EF}
	EndGlobalSection
EndGlobal
